{
  "originHash" : "c8b2ef3ba161c135baf52789cf0a5e06fe671ef05bcb357ad7b78513bf462c0e",
  "pins" : [
    {
      "identity" : "fontawesome.swift",
      "kind" : "remoteSourceControl",
      "location" : "https://github.com/thii/FontAwesome.swift",
      "state" : {
        "revision" : "07883a32d49dfc7bdedbeea115067b53dfbeeb43",
        "version" : "1.9.1"
      }
    },
    {
      "identity" : "mcemojipicker",
      "kind" : "remoteSourceControl",
      "location" : "https://github.com/izyumkin/MCEmojiPicker",
      "state" : {
        "revision" : "e0b4903b75ae1cc418d276d84d1cb946b8a1d73c",
        "version" : "1.2.3"
      }
    }
  ],
  "version" : 3
}
